// !$*UTF8*$!
{
	archiveVersion = 1;
	classes = {
	};
	objectVersion = 48;
	objects = {

/* Begin PBXBuildFile section */
		1D7608F3C9FD6FDDA56DEFDA /* Pods_Hackathon.framework in Frameworks */ = {isa = PBXBuildFile; fileRef = 616ADBBB92E46D508AB8722F /* Pods_Hackathon.framework */; };
		842BA98320285CCE00F731D0 /* AppDelegate.swift in Sources */ = {isa = PBXBuildFile; fileRef = 842BA98220285CCE00F731D0 /* AppDelegate.swift */; };
		842BA98520285CCE00F731D0 /* ViewController.swift in Sources */ = {isa = PBXBuildFile; fileRef = 842BA98420285CCE00F731D0 /* ViewController.swift */; };
		842BA98820285CCE00F731D0 /* Main.storyboard in Resources */ = {isa = PBXBuildFile; fileRef = 842BA98620285CCE00F731D0 /* Main.storyboard */; };
		842BA98A20285CCE00F731D0 /* Assets.xcassets in Resources */ = {isa = PBXBuildFile; fileRef = 842BA98920285CCE00F731D0 /* Assets.xcassets */; };
		842BA98D20285CCE00F731D0 /* LaunchScreen.storyboard in Resources */ = {isa = PBXBuildFile; fileRef = 842BA98B20285CCE00F731D0 /* LaunchScreen.storyboard */; };
		842BA9962028624500F731D0 /* HTTPRequestManager.swift in Sources */ = {isa = PBXBuildFile; fileRef = 842BA9952028624500F731D0 /* HTTPRequestManager.swift */; };
		842BA9982028628C00F731D0 /* HTTPStatusCode.swift in Sources */ = {isa = PBXBuildFile; fileRef = 842BA9972028628C00F731D0 /* HTTPStatusCode.swift */; };
		842BA99C2028633100F731D0 /* DataManager.swift in Sources */ = {isa = PBXBuildFile; fileRef = 842BA99B2028633100F731D0 /* DataManager.swift */; };
		842BA99E2028639F00F731D0 /* ServerManager.swift in Sources */ = {isa = PBXBuildFile; fileRef = 842BA99D2028639F00F731D0 /* ServerManager.swift */; };
/* End PBXBuildFile section */

/* Begin PBXFileReference section */
		2A601F0E689F5FDB4C1C71B5 /* Pods-Hackathon.release.xcconfig */ = {isa = PBXFileReference; includeInIndex = 1; lastKnownFileType = text.xcconfig; name = "Pods-Hackathon.release.xcconfig"; path = "Pods/Target Support Files/Pods-Hackathon/Pods-Hackathon.release.xcconfig"; sourceTree = "<group>"; };
		616ADBBB92E46D508AB8722F /* Pods_Hackathon.framework */ = {isa = PBXFileReference; explicitFileType = wrapper.framework; includeInIndex = 0; path = Pods_Hackathon.framework; sourceTree = BUILT_PRODUCTS_DIR; };
		842BA97F20285CCE00F731D0 /* Hackathon.app */ = {isa = PBXFileReference; explicitFileType = wrapper.application; includeInIndex = 0; path = Hackathon.app; sourceTree = BUILT_PRODUCTS_DIR; };
		842BA98220285CCE00F731D0 /* AppDelegate.swift */ = {isa = PBXFileReference; lastKnownFileType = sourcecode.swift; path = AppDelegate.swift; sourceTree = "<group>"; };
		842BA98420285CCE00F731D0 /* ViewController.swift */ = {isa = PBXFileReference; lastKnownFileType = sourcecode.swift; path = ViewController.swift; sourceTree = "<group>"; };
		842BA98720285CCE00F731D0 /* Base */ = {isa = PBXFileReference; lastKnownFileType = file.storyboard; name = Base; path = Base.lproj/Main.storyboard; sourceTree = "<group>"; };
		842BA98920285CCE00F731D0 /* Assets.xcassets */ = {isa = PBXFileReference; lastKnownFileType = folder.assetcatalog; path = Assets.xcassets; sourceTree = "<group>"; };
		842BA98C20285CCE00F731D0 /* Base */ = {isa = PBXFileReference; lastKnownFileType = file.storyboard; name = Base; path = Base.lproj/LaunchScreen.storyboard; sourceTree = "<group>"; };
		842BA98E20285CCE00F731D0 /* Info.plist */ = {isa = PBXFileReference; lastKnownFileType = text.plist.xml; path = Info.plist; sourceTree = "<group>"; };
		842BA9952028624500F731D0 /* HTTPRequestManager.swift */ = {isa = PBXFileReference; lastKnownFileType = sourcecode.swift; path = HTTPRequestManager.swift; sourceTree = "<group>"; };
		842BA9972028628C00F731D0 /* HTTPStatusCode.swift */ = {isa = PBXFileReference; lastKnownFileType = sourcecode.swift; path = HTTPStatusCode.swift; sourceTree = "<group>"; };
		842BA99B2028633100F731D0 /* DataManager.swift */ = {isa = PBXFileReference; lastKnownFileType = sourcecode.swift; path = DataManager.swift; sourceTree = "<group>"; };
		842BA99D2028639F00F731D0 /* ServerManager.swift */ = {isa = PBXFileReference; lastKnownFileType = sourcecode.swift; path = ServerManager.swift; sourceTree = "<group>"; };
		FB390A269A2C3948B29F0D27 /* Pods-Hackathon.debug.xcconfig */ = {isa = PBXFileReference; includeInIndex = 1; lastKnownFileType = text.xcconfig; name = "Pods-Hackathon.debug.xcconfig"; path = "Pods/Target Support Files/Pods-Hackathon/Pods-Hackathon.debug.xcconfig"; sourceTree = "<group>"; };
/* End PBXFileReference section */

/* Begin PBXFrameworksBuildPhase section */
		842BA97C20285CCE00F731D0 /* Frameworks */ = {
			isa = PBXFrameworksBuildPhase;
			buildActionMask = 2147483647;
			files = (
				1D7608F3C9FD6FDDA56DEFDA /* Pods_Hackathon.framework in Frameworks */,
			);
			runOnlyForDeploymentPostprocessing = 0;
		};
/* End PBXFrameworksBuildPhase section */

/* Begin PBXGroup section */
		2D3BF2A8E945E492953C4037 /* Pods */ = {
			isa = PBXGroup;
			children = (
				FB390A269A2C3948B29F0D27 /* Pods-Hackathon.debug.xcconfig */,
				2A601F0E689F5FDB4C1C71B5 /* Pods-Hackathon.release.xcconfig */,
			);
			name = Pods;
			sourceTree = "<group>";
		};
		842BA97620285CCE00F731D0 = {
			isa = PBXGroup;
			children = (
				842BA98120285CCE00F731D0 /* Hackathon */,
				842BA98020285CCE00F731D0 /* Products */,
				2D3BF2A8E945E492953C4037 /* Pods */,
				E4C7135FEFEFB313FA67D28F /* Frameworks */,
			);
			sourceTree = "<group>";
		};
		842BA98020285CCE00F731D0 /* Products */ = {
			isa = PBXGroup;
			children = (
				842BA97F20285CCE00F731D0 /* Hackathon.app */,
			);
			name = Products;
			sourceTree = "<group>";
		};
		842BA98120285CCE00F731D0 /* Hackathon */ = {
			isa = PBXGroup;
			children = (
				842BA99F2028668800F731D0 /* MainPage */,
				842BA99420285FC400F731D0 /* Supporting Files */,
				842BA98220285CCE00F731D0 /* AppDelegate.swift */,
				842BA98920285CCE00F731D0 /* Assets.xcassets */,
				842BA98B20285CCE00F731D0 /* LaunchScreen.storyboard */,
				842BA98E20285CCE00F731D0 /* Info.plist */,
			);
			path = Hackathon;
			sourceTree = "<group>";
		};
		842BA99420285FC400F731D0 /* Supporting Files */ = {
			isa = PBXGroup;
			children = (
				842BA9952028624500F731D0 /* HTTPRequestManager.swift */,
				842BA9972028628C00F731D0 /* HTTPStatusCode.swift */,
				842BA99B2028633100F731D0 /* DataManager.swift */,
				842BA99D2028639F00F731D0 /* ServerManager.swift */,
			);
			path = "Supporting Files";
			sourceTree = "<group>";
		};
		842BA99F2028668800F731D0 /* MainPage */ = {
			isa = PBXGroup;
			children = (
				842BA98420285CCE00F731D0 /* ViewController.swift */,
				842BA98620285CCE00F731D0 /* Main.storyboard */,
			);
			path = MainPage;
			sourceTree = "<group>";
		};
		E4C7135FEFEFB313FA67D28F /* Frameworks */ = {
			isa = PBXGroup;
			children = (
				616ADBBB92E46D508AB8722F /* Pods_Hackathon.framework */,
			);
			name = Frameworks;
			sourceTree = "<group>";
		};
/* End PBXGroup section */

/* Begin PBXNativeTarget section */
		842BA97E20285CCE00F731D0 /* Hackathon */ = {
			isa = PBXNativeTarget;
			buildConfigurationList = 842BA99120285CCE00F731D0 /* Build configuration list for PBXNativeTarget "Hackathon" */;
			buildPhases = (
				4656C9A086B2B892B101B8BC /* [CP] Check Pods Manifest.lock */,
				842BA97B20285CCE00F731D0 /* Sources */,
				842BA97C20285CCE00F731D0 /* Frameworks */,
				842BA97D20285CCE00F731D0 /* Resources */,
				7F7C299BB140BB95D4AEA436 /* [CP] Embed Pods Frameworks */,
				0F4EE2298F671524406DA5F6 /* [CP] Copy Pods Resources */,
			);
			buildRules = (
			);
			dependencies = (
			);
			name = Hackathon;
			productName = Hackathon;
			productReference = 842BA97F20285CCE00F731D0 /* Hackathon.app */;
			productType = "com.apple.product-type.application";
		};
/* End PBXNativeTarget section */

/* Begin PBXProject section */
		842BA97720285CCE00F731D0 /* Project object */ = {
			isa = PBXProject;
			attributes = {
				LastSwiftUpdateCheck = 0920;
				LastUpgradeCheck = 0920;
				ORGANIZATIONNAME = neobis;
				TargetAttributes = {
					842BA97E20285CCE00F731D0 = {
						CreatedOnToolsVersion = 9.2;
						ProvisioningStyle = Automatic;
					};
				};
			};
			buildConfigurationList = 842BA97A20285CCE00F731D0 /* Build configuration list for PBXProject "Hackathon" */;
			compatibilityVersion = "Xcode 8.0";
			developmentRegion = en;
			hasScannedForEncodings = 0;
			knownRegions = (
				en,
				Base,
			);
			mainGroup = 842BA97620285CCE00F731D0;
			productRefGroup = 842BA98020285CCE00F731D0 /* Products */;
			projectDirPath = "";
			projectRoot = "";
			targets = (
				842BA97E20285CCE00F731D0 /* Hackathon */,
			);
		};
/* End PBXProject section */

/* Begin PBXResourcesBuildPhase section */
		842BA97D20285CCE00F731D0 /* Resources */ = {
			isa = PBXResourcesBuildPhase;
			buildActionMask = 2147483647;
			files = (
				842BA98D20285CCE00F731D0 /* LaunchScreen.storyboard in Resources */,
				842BA98A20285CCE00F731D0 /* Assets.xcassets in Resources */,
				842BA98820285CCE00F731D0 /* Main.storyboard in Resources */,
			);
			runOnlyForDeploymentPostprocessing = 0;
		};
/* End PBXResourcesBuildPhase section */

/* Begin PBXShellScriptBuildPhase section */
		0F4EE2298F671524406DA5F6 /* [CP] Copy Pods Resources */ = {
			isa = PBXShellScriptBuildPhase;
			buildActionMask = 2147483647;
			files = (
			);
			inputPaths = (
			);
			name = "[CP] Copy Pods Resources";
			outputPaths = (
			);
			runOnlyForDeploymentPostprocessing = 0;
			shellPath = /bin/sh;
			shellScript = "\"${SRCROOT}/Pods/Target Support Files/Pods-Hackathon/Pods-Hackathon-resources.sh\"\n";
			showEnvVarsInLog = 0;
		};
		4656C9A086B2B892B101B8BC /* [CP] Check Pods Manifest.lock */ = {
			isa = PBXShellScriptBuildPhase;
			buildActionMask = 2147483647;
			files = (
			);
			inputPaths = (
				"${PODS_PODFILE_DIR_PATH}/Podfile.lock",
				"${PODS_ROOT}/Manifest.lock",
			);
			name = "[CP] Check Pods Manifest.lock";
			outputPaths = (
				"$(DERIVED_FILE_DIR)/Pods-Hackathon-checkManifestLockResult.txt",
			);
			runOnlyForDeploymentPostprocessing = 0;
			shellPath = /bin/sh;
			shellScript = "diff \"${PODS_PODFILE_DIR_PATH}/Podfile.lock\" \"${PODS_ROOT}/Manifest.lock\" > /dev/null\nif [ $? != 0 ] ; then\n    # print error to STDERR\n    echo \"error: The sandbox is not in sync with the Podfile.lock. Run 'pod install' or update your CocoaPods installation.\" >&2\n    exit 1\nfi\n# This output is used by Xcode 'outputs' to avoid re-running this script phase.\necho \"SUCCESS\" > \"${SCRIPT_OUTPUT_FILE_0}\"\n";
			showEnvVarsInLog = 0;
		};
		7F7C299BB140BB95D4AEA436 /* [CP] Embed Pods Frameworks */ = {
			isa = PBXShellScriptBuildPhase;
			buildActionMask = 2147483647;
			files = (
			);
			inputPaths = (
				"${SRCROOT}/Pods/Target Support Files/Pods-Hackathon/Pods-Hackathon-frameworks.sh",
				"${BUILT_PRODUCTS_DIR}/Alamofire/Alamofire.framework",
				"${BUILT_PRODUCTS_DIR}/IQKeyboardManagerSwift/IQKeyboardManagerSwift.framework",
				"${BUILT_PRODUCTS_DIR}/SwiftyJSON/SwiftyJSON.framework",
			);
			name = "[CP] Embed Pods Frameworks";
			outputPaths = (
				"${TARGET_BUILD_DIR}/${FRAMEWORKS_FOLDER_PATH}/Alamofire.framework",
				"${TARGET_BUILD_DIR}/${FRAMEWORKS_FOLDER_PATH}/IQKeyboardManagerSwift.framework",
				"${TARGET_BUILD_DIR}/${FRAMEWORKS_FOLDER_PATH}/SwiftyJSON.framework",
			);
			runOnlyForDeploymentPostprocessing = 0;
			shellPath = /bin/sh;
			shellScript = "\"${SRCROOT}/Pods/Target Support Files/Pods-Hackathon/Pods-Hackathon-frameworks.sh\"\n";
			showEnvVarsInLog = 0;
		};
/* End PBXShellScriptBuildPhase section */

/* Begin PBXSourcesBuildPhase section */
		842BA97B20285CCE00F731D0 /* Sources */ = {
			isa = PBXSourcesBuildPhase;
			buildActionMask = 2147483647;
			files = (
				842BA98520285CCE00F731D0 /* ViewController.swift in Sources */,
				842BA99C2028633100F731D0 /* DataManager.swift in Sources */,
				842BA98320285CCE00F731D0 /* AppDelegate.swift in Sources */,
				842BA9982028628C00F731D0 /* HTTPStatusCode.swift in Sources */,
				842BA99E2028639F00F731D0 /* ServerManager.swift in Sources */,
				842BA9962028624500F731D0 /* HTTPRequestManager.swift in Sources */,
			);
			runOnlyForDeploymentPostprocessing = 0;
		};
/* End PBXSourcesBuildPhase section */

/* Begin PBXVariantGroup section */
		842BA98620285CCE00F731D0 /* Main.storyboard */ = {
			isa = PBXVariantGroup;
			children = (
				842BA98720285CCE00F731D0 /* Base */,
			);
			name = Main.storyboard;
			sourceTree = "<group>";
		};
		842BA98B20285CCE00F731D0 /* LaunchScreen.storyboard */ = {
			isa = PBXVariantGroup;
			children = (
				842BA98C20285CCE00F731D0 /* Base */,
			);
			name = LaunchScreen.storyboard;
			sourceTree = "<group>";
		};
/* End PBXVariantGroup section */

/* Begin XCBuildConfiguration section */
		842BA98F20285CCE00F731D0 /* Debug */ = {
			isa = XCBuildConfiguration;
			buildSettings = {
				ALWAYS_SEARCH_USER_PATHS = NO;
				CLANG_ANALYZER_NONNULL = YES;
				CLANG_ANALYZER_NUMBER_OBJECT_CONVERSION = YES_AGGRESSIVE;
				CLANG_CXX_LANGUAGE_STANDARD = "gnu++14";
				CLANG_CXX_LIBRARY = "libc++";
				CLANG_ENABLE_MODULES = YES;
				CLANG_ENABLE_OBJC_ARC = YES;
				CLANG_WARN_BLOCK_CAPTURE_AUTORELEASING = YES;
				CLANG_WARN_BOOL_CONVERSION = YES;
				CLANG_WARN_COMMA = YES;
				CLANG_WARN_CONSTANT_CONVERSION = YES;
				CLANG_WARN_DIRECT_OBJC_ISA_USAGE = YES_ERROR;
				CLANG_WARN_DOCUMENTATION_COMMENTS = YES;
				CLANG_WARN_EMPTY_BODY = YES;
				CLANG_WARN_ENUM_CONVERSION = YES;
				CLANG_WARN_INFINITE_RECURSION = YES;
				CLANG_WARN_INT_CONVERSION = YES;
				CLANG_WARN_NON_LITERAL_NULL_CONVERSION = YES;
				CLANG_WARN_OBJC_LITERAL_CONVERSION = YES;
				CLANG_WARN_OBJC_ROOT_CLASS = YES_ERROR;
				CLANG_WARN_RANGE_LOOP_ANALYSIS = YES;
				CLANG_WARN_STRICT_PROTOTYPES = YES;
				CLANG_WARN_SUSPICIOUS_MOVE = YES;
				CLANG_WARN_UNGUARDED_AVAILABILITY = YES_AGGRESSIVE;
				CLANG_WARN_UNREACHABLE_CODE = YES;
				CLANG_WARN__DUPLICATE_METHOD_MATCH = YES;
				CODE_SIGN_IDENTITY = "iPhone Developer";
				COPY_PHASE_STRIP = NO;
				DEBUG_INFORMATION_FORMAT = dwarf;
				ENABLE_STRICT_OBJC_MSGSEND = YES;
				ENABLE_TESTABILITY = YES;
				GCC_C_LANGUAGE_STANDARD = gnu11;
				GCC_DYNAMIC_NO_PIC = NO;
				GCC_NO_COMMON_BLOCKS = YES;
				GCC_OPTIMIZATION_LEVEL = 0;
				GCC_PREPROCESSOR_DEFINITIONS = (
					"DEBUG=1",
					"$(inherited)",
				);
				GCC_WARN_64_TO_32_BIT_CONVERSION = YES;
				GCC_WARN_ABOUT_RETURN_TYPE = YES_ERROR;
				GCC_WARN_UNDECLARED_SELECTOR = YES;
				GCC_WARN_UNINITIALIZED_AUTOS = YES_AGGRESSIVE;
				GCC_WARN_UNUSED_FUNCTION = YES;
				GCC_WARN_UNUSED_VARIABLE = YES;
				IPHONEOS_DEPLOYMENT_TARGET = 11.2;
				MTL_ENABLE_DEBUG_INFO = YES;
				ONLY_ACTIVE_ARCH = YES;
				SDKROOT = iphoneos;
				SWIFT_ACTIVE_COMPILATION_CONDITIONS = DEBUG;
				SWIFT_OPTIMIZATION_LEVEL = "-Onone";
			};
			name = Debug;
		};
		842BA99020285CCE00F731D0 /* Release */ = {
			isa = XCBuildConfiguration;
			buildSettings = {
				ALWAYS_SEARCH_USER_PATHS = NO;
				CLANG_ANALYZER_NONNULL = YES;
				CLANG_ANALYZER_NUMBER_OBJECT_CONVERSION = YES_AGGRESSIVE;
				CLANG_CXX_LANGUAGE_STANDARD = "gnu++14";
				CLANG_CXX_LIBRARY = "libc++";
				CLANG_ENABLE_MODULES = YES;
				CLANG_ENABLE_OBJC_ARC = YES;
				CLANG_WARN_BLOCK_CAPTURE_AUTORELEASING = YES;
				CLANG_WARN_BOOL_CONVERSION = YES;
				CLANG_WARN_COMMA = YES;
				CLANG_WARN_CONSTANT_CONVERSION = YES;
				CLANG_WARN_DIRECT_OBJC_ISA_USAGE = YES_ERROR;
				CLANG_WARN_DOCUMENTATION_COMMENTS = YES;
				CLANG_WARN_EMPTY_BODY = YES;
				CLANG_WARN_ENUM_CONVERSION = YES;
				CLANG_WARN_INFINITE_RECURSION = YES;
				CLANG_WARN_INT_CONVERSION = YES;
				CLANG_WARN_NON_LITERAL_NULL_CONVERSION = YES;
				CLANG_WARN_OBJC_LITERAL_CONVERSION = YES;
				CLANG_WARN_OBJC_ROOT_CLASS = YES_ERROR;
				CLANG_WARN_RANGE_LOOP_ANALYSIS = YES;
				CLANG_WARN_STRICT_PROTOTYPES = YES;
				CLANG_WARN_SUSPICIOUS_MOVE = YES;
				CLANG_WARN_UNGUARDED_AVAILABILITY = YES_AGGRESSIVE;
				CLANG_WARN_UNREACHABLE_CODE = YES;
				CLANG_WARN__DUPLICATE_METHOD_MATCH = YES;
				CODE_SIGN_IDENTITY = "iPhone Developer";
				COPY_PHASE_STRIP = NO;
				DEBUG_INFORMATION_FORMAT = "dwarf-with-dsym";
				ENABLE_NS_ASSERTIONS = NO;
				ENABLE_STRICT_OBJC_MSGSEND = YES;
				GCC_C_LANGUAGE_STANDARD = gnu11;
				GCC_NO_COMMON_BLOCKS = YES;
				GCC_WARN_64_TO_32_BIT_CONVERSION = YES;
				GCC_WARN_ABOUT_RETURN_TYPE = YES_ERROR;
				GCC_WARN_UNDECLARED_SELECTOR = YES;
				GCC_WARN_UNINITIALIZED_AUTOS = YES_AGGRESSIVE;
				GCC_WARN_UNUSED_FUNCTION = YES;
				GCC_WARN_UNUSED_VARIABLE = YES;
				IPHONEOS_DEPLOYMENT_TARGET = 11.2;
				MTL_ENABLE_DEBUG_INFO = NO;
				SDKROOT = iphoneos;
				SWIFT_OPTIMIZATION_LEVEL = "-Owholemodule";
				VALIDATE_PRODUCT = YES;
			};
			name = Release;
		};
		842BA99220285CCE00F731D0 /* Debug */ = {
			isa = XCBuildConfiguration;
			baseConfigurationReference = FB390A269A2C3948B29F0D27 /* Pods-Hackathon.debug.xcconfig */;
			buildSettings = {
				ASSETCATALOG_COMPILER_APPICON_NAME = AppIcon;
				CODE_SIGN_STYLE = Automatic;
				DEVELOPMENT_TEAM = U5DCDBG2W2;
				INFOPLIST_FILE = Hackathon/Info.plist;
				LD_RUNPATH_SEARCH_PATHS = "$(inherited) @executable_path/Frameworks";
				PRODUCT_BUNDLE_IDENTIFIER = com.example.Hackathon;
				PRODUCT_NAME = "$(TARGET_NAME)";
				SWIFT_VERSION = 4.0;
				TARGETED_DEVICE_FAMILY = "1,2";
			};
			name = Debug;
		};
		842BA99320285CCE00F731D0 /* Release */ = {
			isa = XCBuildConfiguration;
			baseConfigurationReference = 2A601F0E689F5FDB4C1C71B5 /* Pods-Hackathon.release.xcconfig */;
			buildSettings = {
				ASSETCATALOG_COMPILER_APPICON_NAME = AppIcon;
				CODE_SIGN_STYLE = Automatic;
				DEVELOPMENT_TEAM = U5DCDBG2W2;
				INFOPLIST_FILE = Hackathon/Info.plist;
				LD_RUNPATH_SEARCH_PATHS = "$(inherited) @executable_path/Frameworks";
				PRODUCT_BUNDLE_IDENTIFIER = com.example.Hackathon;
				PRODUCT_NAME = "$(TARGET_NAME)";
				SWIFT_VERSION = 4.0;
				TARGETED_DEVICE_FAMILY = "1,2";
			};
			name = Release;
		};
/* End XCBuildConfiguration section */

/* Begin XCConfigurationList section */
		842BA97A20285CCE00F731D0 /* Build configuration list for PBXProject "Hackathon" */ = {
			isa = XCConfigurationList;
			buildConfigurations = (
				842BA98F20285CCE00F731D0 /* Debug */,
				842BA99020285CCE00F731D0 /* Release */,
			);
			defaultConfigurationIsVisible = 0;
			defaultConfigurationName = Release;
		};
		842BA99120285CCE00F731D0 /* Build configuration list for PBXNativeTarget "Hackathon" */ = {
			isa = XCConfigurationList;
			buildConfigurations = (
				842BA99220285CCE00F731D0 /* Debug */,
				842BA99320285CCE00F731D0 /* Release */,
			);
			defaultConfigurationIsVisible = 0;
			defaultConfigurationName = Release;
		};
/* End XCConfigurationList section */
	};
	rootObject = 842BA97720285CCE00F731D0 /* Project object */;
}
